
Microsoft Visual Studio Solution File, Format Version 12.00
# Visual Studio Version 17
VisualStudioVersion = 17.2.32630.192
MinimumVisualStudioVersion = 10.0.40219.1
Project("{9A19103F-16F7-4668-BE54-9A1E7A4F7556}") = "R5T.F0026", "R5T.F0026\R5T.F0026.csproj", "{6B35CDAD-A5B2-4F2F-99CB-713CF8ECCCE6}"
EndProject
Project("{2150E333-8FDC-42A3-9474-1A3956D46DE8}") = "_Dependencies", "_Dependencies", "{E2B80BDF-27E3-42A0-A654-818D8161AA43}"
EndProject
Project("{9A19103F-16F7-4668-BE54-9A1E7A4F7556}") = "R5T.T0131", "..\..\R5T.T0131\source\R5T.T0131\R5T.T0131.csproj", "{28421295-D215-465A-A25B-EFB4E84BF357}"
EndProject
Project("{9A19103F-16F7-4668-BE54-9A1E7A4F7556}") = "R5T.T0132", "..\..\R5T.T0132\source\R5T.T0132\R5T.T0132.csproj", "{2B219678-9146-4F17-B62E-22FCA32464D9}"
EndProject
Project("{9A19103F-16F7-4668-BE54-9A1E7A4F7556}") = "R5T.F0002", "..\..\R5T.F0002\source\R5T.F0002\R5T.F0002.csproj", "{E014A757-CDA0-4510-B34B-A40967918875}"
EndProject
Project("{9A19103F-16F7-4668-BE54-9A1E7A4F7556}") = "R5T.F0000", "..\..\R5T.F0000\source\R5T.F0000\R5T.F0000.csproj", "{F0317169-735A-45F5-9C64-FF4923A5C24E}"
EndProject
Project("{9A19103F-16F7-4668-BE54-9A1E7A4F7556}") = "R5T.T0142", "..\..\R5T.T0142\source\R5T.T0142\R5T.T0142.csproj", "{8924C6EA-A41E-42E3-A56F-0FADE9C4EC5F}"
EndProject
Project("{9A19103F-16F7-4668-BE54-9A1E7A4F7556}") = "R5T.T0143", "..\..\R5T.T0143\source\R5T.T0143\R5T.T0143.csproj", "{56C131EC-6C33-4B40-A084-B1AEF6F08130}"
EndProject
Project("{9A19103F-16F7-4668-BE54-9A1E7A4F7556}") = "R5T.Y0000", "..\..\R5T.Y0000\source\R5T.Y0000\R5T.Y0000.csproj", "{29109270-7C95-441B-BE86-65D2D017F519}"
EndProject
Project("{9A19103F-16F7-4668-BE54-9A1E7A4F7556}") = "R5T.Z0000", "..\..\R5T.Z0000\source\R5T.Z0000\R5T.Z0000.csproj", "{4C35B55A-DF99-43F9-9D60-42D191AA5466}"
EndProject
Project("{9A19103F-16F7-4668-BE54-9A1E7A4F7556}") = "R5T.F0052", "..\..\R5T.F0052\source\R5T.F0052\R5T.F0052.csproj", "{468A4438-E57D-474A-9505-C201FE3FB6EB}"
EndProject
Global
	GlobalSection(SolutionConfigurationPlatforms) = preSolution
		Debug|Any CPU = Debug|Any CPU
		Release|Any CPU = Release|Any CPU
	EndGlobalSection
	GlobalSection(ProjectConfigurationPlatforms) = postSolution
		{6B35CDAD-A5B2-4F2F-99CB-713CF8ECCCE6}.Debug|Any CPU.ActiveCfg = Debug|Any CPU
		{6B35CDAD-A5B2-4F2F-99CB-713CF8ECCCE6}.Debug|Any CPU.Build.0 = Debug|Any CPU
		{6B35CDAD-A5B2-4F2F-99CB-713CF8ECCCE6}.Release|Any CPU.ActiveCfg = Release|Any CPU
		{6B35CDAD-A5B2-4F2F-99CB-713CF8ECCCE6}.Release|Any CPU.Build.0 = Release|Any CPU
		{28421295-D215-465A-A25B-EFB4E84BF357}.Debug|Any CPU.ActiveCfg = Debug|Any CPU
		{28421295-D215-465A-A25B-EFB4E84BF357}.Debug|Any CPU.Build.0 = Debug|Any CPU
		{28421295-D215-465A-A25B-EFB4E84BF357}.Release|Any CPU.ActiveCfg = Release|Any CPU
		{28421295-D215-465A-A25B-EFB4E84BF357}.Release|Any CPU.Build.0 = Release|Any CPU
		{2B219678-9146-4F17-B62E-22FCA32464D9}.Debug|Any CPU.ActiveCfg = Debug|Any CPU
		{2B219678-9146-4F17-B62E-22FCA32464D9}.Debug|Any CPU.Build.0 = Debug|Any CPU
		{2B219678-9146-4F17-B62E-22FCA32464D9}.Release|Any CPU.ActiveCfg = Release|Any CPU
		{2B219678-9146-4F17-B62E-22FCA32464D9}.Release|Any CPU.Build.0 = Release|Any CPU
		{E014A757-CDA0-4510-B34B-A40967918875}.Debug|Any CPU.ActiveCfg = Debug|Any CPU
		{E014A757-CDA0-4510-B34B-A40967918875}.Debug|Any CPU.Build.0 = Debug|Any CPU
		{E014A757-CDA0-4510-B34B-A40967918875}.Release|Any CPU.ActiveCfg = Release|Any CPU
		{E014A757-CDA0-4510-B34B-A40967918875}.Release|Any CPU.Build.0 = Release|Any CPU
		{F0317169-735A-45F5-9C64-FF4923A5C24E}.Debug|Any CPU.ActiveCfg = Debug|Any CPU
		{F0317169-735A-45F5-9C64-FF4923A5C24E}.Debug|Any CPU.Build.0 = Debug|Any CPU
		{F0317169-735A-45F5-9C64-FF4923A5C24E}.Release|Any CPU.ActiveCfg = Release|Any CPU
		{F0317169-735A-45F5-9C64-FF4923A5C24E}.Release|Any CPU.Build.0 = Release|Any CPU
		{8924C6EA-A41E-42E3-A56F-0FADE9C4EC5F}.Debug|Any CPU.ActiveCfg = Debug|Any CPU
		{8924C6EA-A41E-42E3-A56F-0FADE9C4EC5F}.Debug|Any CPU.Build.0 = Debug|Any CPU
		{8924C6EA-A41E-42E3-A56F-0FADE9C4EC5F}.Release|Any CPU.ActiveCfg = Release|Any CPU
		{8924C6EA-A41E-42E3-A56F-0FADE9C4EC5F}.Release|Any CPU.Build.0 = Release|Any CPU
		{56C131EC-6C33-4B40-A084-B1AEF6F08130}.Debug|Any CPU.ActiveCfg = Debug|Any CPU
		{56C131EC-6C33-4B40-A084-B1AEF6F08130}.Debug|Any CPU.Build.0 = Debug|Any CPU
		{56C131EC-6C33-4B40-A084-B1AEF6F08130}.Release|Any CPU.ActiveCfg = Release|Any CPU
		{56C131EC-6C33-4B40-A084-B1AEF6F08130}.Release|Any CPU.Build.0 = Release|Any CPU
		{29109270-7C95-441B-BE86-65D2D017F519}.Debug|Any CPU.ActiveCfg = Debug|Any CPU
		{29109270-7C95-441B-BE86-65D2D017F519}.Debug|Any CPU.Build.0 = Debug|Any CPU
		{29109270-7C95-441B-BE86-65D2D017F519}.Release|Any CPU.ActiveCfg = Release|Any CPU
		{29109270-7C95-441B-BE86-65D2D017F519}.Release|Any CPU.Build.0 = Release|Any CPU
		{4C35B55A-DF99-43F9-9D60-42D191AA5466}.Debug|Any CPU.ActiveCfg = Debug|Any CPU
		{4C35B55A-DF99-43F9-9D60-42D191AA5466}.Debug|Any CPU.Build.0 = Debug|Any CPU
		{4C35B55A-DF99-43F9-9D60-42D191AA5466}.Release|Any CPU.ActiveCfg = Release|Any CPU
		{4C35B55A-DF99-43F9-9D60-42D191AA5466}.Release|Any CPU.Build.0 = Release|Any CPU
		{468A4438-E57D-474A-9505-C201FE3FB6EB}.Debug|Any CPU.ActiveCfg = Debug|Any CPU
		{468A4438-E57D-474A-9505-C201FE3FB6EB}.Debug|Any CPU.Build.0 = Debug|Any CPU
		{468A4438-E57D-474A-9505-C201FE3FB6EB}.Release|Any CPU.ActiveCfg = Release|Any CPU
		{468A4438-E57D-474A-9505-C201FE3FB6EB}.Release|Any CPU.Build.0 = Release|Any CPU
	EndGlobalSection
	GlobalSection(SolutionProperties) = preSolution
		HideSolutionNode = FALSE
	EndGlobalSection
	GlobalSection(NestedProjects) = preSolution
		{28421295-D215-465A-A25B-EFB4E84BF357} = {E2B80BDF-27E3-42A0-A654-818D8161AA43}
		{2B219678-9146-4F17-B62E-22FCA32464D9} = {E2B80BDF-27E3-42A0-A654-818D8161AA43}
		{E014A757-CDA0-4510-B34B-A40967918875} = {E2B80BDF-27E3-42A0-A654-818D8161AA43}
		{F0317169-735A-45F5-9C64-FF4923A5C24E} = {E2B80BDF-27E3-42A0-A654-818D8161AA43}
		{8924C6EA-A41E-42E3-A56F-0FADE9C4EC5F} = {E2B80BDF-27E3-42A0-A654-818D8161AA43}
		{56C131EC-6C33-4B40-A084-B1AEF6F08130} = {E2B80BDF-27E3-42A0-A654-818D8161AA43}
		{29109270-7C95-441B-BE86-65D2D017F519} = {E2B80BDF-27E3-42A0-A654-818D8161AA43}
		{4C35B55A-DF99-43F9-9D60-42D191AA5466} = {E2B80BDF-27E3-42A0-A654-818D8161AA43}
		{468A4438-E57D-474A-9505-C201FE3FB6EB} = {E2B80BDF-27E3-42A0-A654-818D8161AA43}
	EndGlobalSection
	GlobalSection(ExtensibilityGlobals) = postSolution
		SolutionGuid = {4BE23D57-E418-409F-B252-A293229CC54C}
	EndGlobalSection
EndGlobal
